// !$*UTF8*$!
{
	archiveVersion = 1;
	classes = {
	};
	objectVersion = 50;
	objects = {

/* Begin PBXBuildFile section */
		64BCB88D39EC23863079BB78 /* Pods_QuickActionsPicker.framework in Frameworks */ = {isa = PBXBuildFile; fileRef = FE7E0FA71250C9F0CF27D373 /* Pods_QuickActionsPicker.framework */; };
		D169D9AE21A8422F005EDA94 /* ActionSheetPickerExtension.swift in Sources */ = {isa = PBXBuildFile; fileRef = D169D9AD21A8422F005EDA94 /* ActionSheetPickerExtension.swift */; };
		D1F07CFB21A838F900FE83AF /* AppDelegate.swift in Sources */ = {isa = PBXBuildFile; fileRef = D1F07CFA21A838F900FE83AF /* AppDelegate.swift */; };
		D1F07CFD21A838F900FE83AF /* ViewController.swift in Sources */ = {isa = PBXBuildFile; fileRef = D1F07CFC21A838F900FE83AF /* ViewController.swift */; };
		D1F07D0021A838F900FE83AF /* Main.storyboard in Resources */ = {isa = PBXBuildFile; fileRef = D1F07CFE21A838F900FE83AF /* Main.storyboard */; };
		D1F07D0221A838FB00FE83AF /* Assets.xcassets in Resources */ = {isa = PBXBuildFile; fileRef = D1F07D0121A838FB00FE83AF /* Assets.xcassets */; };
		D1F07D0521A838FB00FE83AF /* LaunchScreen.storyboard in Resources */ = {isa = PBXBuildFile; fileRef = D1F07D0321A838FB00FE83AF /* LaunchScreen.storyboard */; };
/* End PBXBuildFile section */

/* Begin PBXFileReference section */
		24CC8AD877EBF1CCAB333C98 /* Pods-QuickActionsPicker.debug.xcconfig */ = {isa = PBXFileReference; includeInIndex = 1; lastKnownFileType = text.xcconfig; name = "Pods-QuickActionsPicker.debug.xcconfig"; path = "Pods/Target Support Files/Pods-QuickActionsPicker/Pods-QuickActionsPicker.debug.xcconfig"; sourceTree = "<group>"; };
		6F1CB91C1321668BA020D785 /* Pods-QuickActionsPicker.release.xcconfig */ = {isa = PBXFileReference; includeInIndex = 1; lastKnownFileType = text.xcconfig; name = "Pods-QuickActionsPicker.release.xcconfig"; path = "Pods/Target Support Files/Pods-QuickActionsPicker/Pods-QuickActionsPicker.release.xcconfig"; sourceTree = "<group>"; };
		D169D9AD21A8422F005EDA94 /* ActionSheetPickerExtension.swift */ = {isa = PBXFileReference; fileEncoding = 4; lastKnownFileType = sourcecode.swift; name = ActionSheetPickerExtension.swift; path = CoreQuickActionsPicker/ActionSheetPickerExtension.swift; sourceTree = "<group>"; };
		D1F07CF721A838F800FE83AF /* QuickActionsPicker.app */ = {isa = PBXFileReference; explicitFileType = wrapper.application; includeInIndex = 0; path = QuickActionsPicker.app; sourceTree = BUILT_PRODUCTS_DIR; };
		D1F07CFA21A838F900FE83AF /* AppDelegate.swift */ = {isa = PBXFileReference; lastKnownFileType = sourcecode.swift; path = AppDelegate.swift; sourceTree = "<group>"; };
		D1F07CFC21A838F900FE83AF /* ViewController.swift */ = {isa = PBXFileReference; lastKnownFileType = sourcecode.swift; path = ViewController.swift; sourceTree = "<group>"; };
		D1F07CFF21A838F900FE83AF /* Base */ = {isa = PBXFileReference; lastKnownFileType = file.storyboard; name = Base; path = Base.lproj/Main.storyboard; sourceTree = "<group>"; };
		D1F07D0121A838FB00FE83AF /* Assets.xcassets */ = {isa = PBXFileReference; lastKnownFileType = folder.assetcatalog; path = Assets.xcassets; sourceTree = "<group>"; };
		D1F07D0421A838FB00FE83AF /* Base */ = {isa = PBXFileReference; lastKnownFileType = file.storyboard; name = Base; path = Base.lproj/LaunchScreen.storyboard; sourceTree = "<group>"; };
		D1F07D0621A838FB00FE83AF /* Info.plist */ = {isa = PBXFileReference; lastKnownFileType = text.plist.xml; path = Info.plist; sourceTree = "<group>"; };
		FE7E0FA71250C9F0CF27D373 /* Pods_QuickActionsPicker.framework */ = {isa = PBXFileReference; explicitFileType = wrapper.framework; includeInIndex = 0; path = Pods_QuickActionsPicker.framework; sourceTree = BUILT_PRODUCTS_DIR; };
/* End PBXFileReference section */

/* Begin PBXFrameworksBuildPhase section */
		D1F07CF421A838F800FE83AF /* Frameworks */ = {
			isa = PBXFrameworksBuildPhase;
			buildActionMask = 2147483647;
			files = (
				64BCB88D39EC23863079BB78 /* Pods_QuickActionsPicker.framework in Frameworks */,
			);
			runOnlyForDeploymentPostprocessing = 0;
		};
/* End PBXFrameworksBuildPhase section */

/* Begin PBXGroup section */
		3DBFD5FE680B1B69C9D05952 /* Pods */ = {
			isa = PBXGroup;
			children = (
				24CC8AD877EBF1CCAB333C98 /* Pods-QuickActionsPicker.debug.xcconfig */,
				6F1CB91C1321668BA020D785 /* Pods-QuickActionsPicker.release.xcconfig */,
			);
			name = Pods;
			sourceTree = "<group>";
		};
		D169D9AF21A84237005EDA94 /* CoreActionSheetPicker */ = {
			isa = PBXGroup;
			children = (
				D169D9AD21A8422F005EDA94 /* ActionSheetPickerExtension.swift */,
			);
			name = CoreActionSheetPicker;
			sourceTree = "<group>";
		};
		D1F07CEE21A838F800FE83AF = {
			isa = PBXGroup;
			children = (
				D169D9AF21A84237005EDA94 /* CoreActionSheetPicker */,
				D1F07CF921A838F800FE83AF /* QuickActionsPicker */,
				D1F07CF821A838F800FE83AF /* Products */,
				3DBFD5FE680B1B69C9D05952 /* Pods */,
				E14AB5B4C352E94E29CB318D /* Frameworks */,
			);
			sourceTree = "<group>";
		};
		D1F07CF821A838F800FE83AF /* Products */ = {
			isa = PBXGroup;
			children = (
				D1F07CF721A838F800FE83AF /* QuickActionsPicker.app */,
			);
			name = Products;
			sourceTree = "<group>";
		};
		D1F07CF921A838F800FE83AF /* QuickActionsPicker */ = {
			isa = PBXGroup;
			children = (
				D1F07CFA21A838F900FE83AF /* AppDelegate.swift */,
				D1F07CFC21A838F900FE83AF /* ViewController.swift */,
				D1F07CFE21A838F900FE83AF /* Main.storyboard */,
				D1F07D0121A838FB00FE83AF /* Assets.xcassets */,
				D1F07D0321A838FB00FE83AF /* LaunchScreen.storyboard */,
				D1F07D0621A838FB00FE83AF /* Info.plist */,
			);
			path = QuickActionsPicker;
			sourceTree = "<group>";
		};
		E14AB5B4C352E94E29CB318D /* Frameworks */ = {
			isa = PBXGroup;
			children = (
				FE7E0FA71250C9F0CF27D373 /* Pods_QuickActionsPicker.framework */,
			);
			name = Frameworks;
			sourceTree = "<group>";
		};
/* End PBXGroup section */

/* Begin PBXNativeTarget section */
		D1F07CF621A838F800FE83AF /* QuickActionsPicker */ = {
			isa = PBXNativeTarget;
			buildConfigurationList = D1F07D0921A838FB00FE83AF /* Build configuration list for PBXNativeTarget "QuickActionsPicker" */;
			buildPhases = (
				D82BD0FFBCAA78C07B76AB40 /* [CP] Check Pods Manifest.lock */,
				D1F07CF321A838F800FE83AF /* Sources */,
				D1F07CF421A838F800FE83AF /* Frameworks */,
				D1F07CF521A838F800FE83AF /* Resources */,
				A6FCFA7340FE79AF4A8A169D /* [CP] Embed Pods Frameworks */,
			);
			buildRules = (
			);
			dependencies = (
			);
			name = QuickActionsPicker;
			productName = QuickActionsPicker;
			productReference = D1F07CF721A838F800FE83AF /* QuickActionsPicker.app */;
			productType = "com.apple.product-type.application";
		};
/* End PBXNativeTarget section */

/* Begin PBXProject section */
		D1F07CEF21A838F800FE83AF /* Project object */ = {
			isa = PBXProject;
			attributes = {
				LastSwiftUpdateCheck = 1010;
				LastUpgradeCheck = 1010;
				ORGANIZATIONNAME = "Yuri Karabatov";
				TargetAttributes = {
					D1F07CF621A838F800FE83AF = {
						CreatedOnToolsVersion = 10.1;
					};
				};
			};
			buildConfigurationList = D1F07CF221A838F800FE83AF /* Build configuration list for PBXProject "QuickActionsPicker" */;
			compatibilityVersion = "Xcode 9.3";
			developmentRegion = en;
			hasScannedForEncodings = 0;
			knownRegions = (
				en,
				Base,
			);
			mainGroup = D1F07CEE21A838F800FE83AF;
			productRefGroup = D1F07CF821A838F800FE83AF /* Products */;
			projectDirPath = "";
			projectRoot = "";
			targets = (
				D1F07CF621A838F800FE83AF /* QuickActionsPicker */,
			);
		};
/* End PBXProject section */

/* Begin PBXResourcesBuildPhase section */
		D1F07CF521A838F800FE83AF /* Resources */ = {
			isa = PBXResourcesBuildPhase;
			buildActionMask = 2147483647;
			files = (
				D1F07D0521A838FB00FE83AF /* LaunchScreen.storyboard in Resources */,
				D1F07D0221A838FB00FE83AF /* Assets.xcassets in Resources */,
				D1F07D0021A838F900FE83AF /* Main.storyboard in Resources */,
			);
			runOnlyForDeploymentPostprocessing = 0;
		};
/* End PBXResourcesBuildPhase section */

/* Begin PBXShellScriptBuildPhase section */
		A6FCFA7340FE79AF4A8A169D /* [CP] Embed Pods Frameworks */ = {
			isa = PBXShellScriptBuildPhase;
			buildActionMask = 2147483647;
			files = (
			);
			inputPaths = (
				"${SRCROOT}/Pods/Target Support Files/Pods-QuickActionsPicker/Pods-QuickActionsPicker-frameworks.sh",
				"${BUILT_PRODUCTS_DIR}/ActionSheetPicker-3.0/ActionSheetPicker_3_0.framework",
			);
			name = "[CP] Embed Pods Frameworks";
			outputPaths = (
				"${TARGET_BUILD_DIR}/${FRAMEWORKS_FOLDER_PATH}/ActionSheetPicker_3_0.framework",
			);
			runOnlyForDeploymentPostprocessing = 0;
			shellPath = /bin/sh;
			shellScript = "\"${SRCROOT}/Pods/Target Support Files/Pods-QuickActionsPicker/Pods-QuickActionsPicker-frameworks.sh\"\n";
			showEnvVarsInLog = 0;
		};
		D82BD0FFBCAA78C07B76AB40 /* [CP] Check Pods Manifest.lock */ = {
			isa = PBXShellScriptBuildPhase;
			buildActionMask = 2147483647;
			files = (
			);
			inputPaths = (
				"${PODS_PODFILE_DIR_PATH}/Podfile.lock",
				"${PODS_ROOT}/Manifest.lock",
			);
			name = "[CP] Check Pods Manifest.lock";
			outputPaths = (
				"$(DERIVED_FILE_DIR)/Pods-QuickActionsPicker-checkManifestLockResult.txt",
			);
			runOnlyForDeploymentPostprocessing = 0;
			shellPath = /bin/sh;
			shellScript = "diff \"${PODS_PODFILE_DIR_PATH}/Podfile.lock\" \"${PODS_ROOT}/Manifest.lock\" > /dev/null\nif [ $? != 0 ] ; then\n    # print error to STDERR\n    echo \"error: The sandbox is not in sync with the Podfile.lock. Run 'pod install' or update your CocoaPods installation.\" >&2\n    exit 1\nfi\n# This output is used by Xcode 'outputs' to avoid re-running this script phase.\necho \"SUCCESS\" > \"${SCRIPT_OUTPUT_FILE_0}\"\n";
			showEnvVarsInLog = 0;
		};
/* End PBXShellScriptBuildPhase section */

/* Begin PBXSourcesBuildPhase section */
		D1F07CF321A838F800FE83AF /* Sources */ = {
			isa = PBXSourcesBuildPhase;
			buildActionMask = 2147483647;
			files = (
				D1F07CFD21A838F900FE83AF /* ViewController.swift in Sources */,
				D1F07CFB21A838F900FE83AF /* AppDelegate.swift in Sources */,
				D169D9AE21A8422F005EDA94 /* ActionSheetPickerExtension.swift in Sources */,
			);
			runOnlyForDeploymentPostprocessing = 0;
		};
/* End PBXSourcesBuildPhase section */

/* Begin PBXVariantGroup section */
		D1F07CFE21A838F900FE83AF /* Main.storyboard */ = {
			isa = PBXVariantGroup;
			children = (
				D1F07CFF21A838F900FE83AF /* Base */,
			);
			name = Main.storyboard;
			sourceTree = "<group>";
		};
		D1F07D0321A838FB00FE83AF /* LaunchScreen.storyboard */ = {
			isa = PBXVariantGroup;
			children = (
				D1F07D0421A838FB00FE83AF /* Base */,
			);
			name = LaunchScreen.storyboard;
			sourceTree = "<group>";
		};
/* End PBXVariantGroup section */

/* Begin XCBuildConfiguration section */
		D1F07D0721A838FB00FE83AF /* Debug */ = {
			isa = XCBuildConfiguration;
			buildSettings = {
				ALWAYS_SEARCH_USER_PATHS = NO;
				CLANG_ANALYZER_NONNULL = YES;
				CLANG_ANALYZER_NUMBER_OBJECT_CONVERSION = YES_AGGRESSIVE;
				CLANG_CXX_LANGUAGE_STANDARD = "gnu++14";
				CLANG_CXX_LIBRARY = "libc++";
				CLANG_ENABLE_MODULES = YES;
				CLANG_ENABLE_OBJC_ARC = YES;
				CLANG_ENABLE_OBJC_WEAK = YES;
				CLANG_WARN_BLOCK_CAPTURE_AUTORELEASING = YES;
				CLANG_WARN_BOOL_CONVERSION = YES;
				CLANG_WARN_COMMA = YES;
				CLANG_WARN_CONSTANT_CONVERSION = YES;
				CLANG_WARN_DEPRECATED_OBJC_IMPLEMENTATIONS = YES;
				CLANG_WARN_DIRECT_OBJC_ISA_USAGE = YES_ERROR;
				CLANG_WARN_DOCUMENTATION_COMMENTS = YES;
				CLANG_WARN_EMPTY_BODY = YES;
				CLANG_WARN_ENUM_CONVERSION = YES;
				CLANG_WARN_INFINITE_RECURSION = YES;
				CLANG_WARN_INT_CONVERSION = YES;
				CLANG_WARN_NON_LITERAL_NULL_CONVERSION = YES;
				CLANG_WARN_OBJC_IMPLICIT_RETAIN_SELF = YES;
				CLANG_WARN_OBJC_LITERAL_CONVERSION = YES;
				CLANG_WARN_OBJC_ROOT_CLASS = YES_ERROR;
				CLANG_WARN_RANGE_LOOP_ANALYSIS = YES;
				CLANG_WARN_STRICT_PROTOTYPES = YES;
				CLANG_WARN_SUSPICIOUS_MOVE = YES;
				CLANG_WARN_UNGUARDED_AVAILABILITY = YES_AGGRESSIVE;
				CLANG_WARN_UNREACHABLE_CODE = YES;
				CLANG_WARN__DUPLICATE_METHOD_MATCH = YES;
				CODE_SIGN_IDENTITY = "iPhone Developer";
				COPY_PHASE_STRIP = NO;
				DEBUG_INFORMATION_FORMAT = dwarf;
				ENABLE_STRICT_OBJC_MSGSEND = YES;
				ENABLE_TESTABILITY = YES;
				GCC_C_LANGUAGE_STANDARD = gnu11;
				GCC_DYNAMIC_NO_PIC = NO;
				GCC_NO_COMMON_BLOCKS = YES;
				GCC_OPTIMIZATION_LEVEL = 0;
				GCC_PREPROCESSOR_DEFINITIONS = (
					"DEBUG=1",
					"$(inherited)",
				);
				GCC_WARN_64_TO_32_BIT_CONVERSION = YES;
				GCC_WARN_ABOUT_RETURN_TYPE = YES_ERROR;
				GCC_WARN_UNDECLARED_SELECTOR = YES;
				GCC_WARN_UNINITIALIZED_AUTOS = YES_AGGRESSIVE;
				GCC_WARN_UNUSED_FUNCTION = YES;
				GCC_WARN_UNUSED_VARIABLE = YES;
				IPHONEOS_DEPLOYMENT_TARGET = 12.1;
				MTL_ENABLE_DEBUG_INFO = INCLUDE_SOURCE;
				MTL_FAST_MATH = YES;
				ONLY_ACTIVE_ARCH = YES;
				SDKROOT = iphoneos;
				SWIFT_ACTIVE_COMPILATION_CONDITIONS = DEBUG;
				SWIFT_OPTIMIZATION_LEVEL = "-Onone";
			};
			name = Debug;
		};
		D1F07D0821A838FB00FE83AF /* Release */ = {
			isa = XCBuildConfiguration;
			buildSettings = {
				ALWAYS_SEARCH_USER_PATHS = NO;
				CLANG_ANALYZER_NONNULL = YES;
				CLANG_ANALYZER_NUMBER_OBJECT_CONVERSION = YES_AGGRESSIVE;
				CLANG_CXX_LANGUAGE_STANDARD = "gnu++14";
				CLANG_CXX_LIBRARY = "libc++";
				CLANG_ENABLE_MODULES = YES;
				CLANG_ENABLE_OBJC_ARC = YES;
				CLANG_ENABLE_OBJC_WEAK = YES;
				CLANG_WARN_BLOCK_CAPTURE_AUTORELEASING = YES;
				CLANG_WARN_BOOL_CONVERSION = YES;
				CLANG_WARN_COMMA = YES;
				CLANG_WARN_CONSTANT_CONVERSION = YES;
				CLANG_WARN_DEPRECATED_OBJC_IMPLEMENTATIONS = YES;
				CLANG_WARN_DIRECT_OBJC_ISA_USAGE = YES_ERROR;
				CLANG_WARN_DOCUMENTATION_COMMENTS = YES;
				CLANG_WARN_EMPTY_BODY = YES;
				CLANG_WARN_ENUM_CONVERSION = YES;
				CLANG_WARN_INFINITE_RECURSION = YES;
				CLANG_WARN_INT_CONVERSION = YES;
				CLANG_WARN_NON_LITERAL_NULL_CONVERSION = YES;
				CLANG_WARN_OBJC_IMPLICIT_RETAIN_SELF = YES;
				CLANG_WARN_OBJC_LITERAL_CONVERSION = YES;
				CLANG_WARN_OBJC_ROOT_CLASS = YES_ERROR;
				CLANG_WARN_RANGE_LOOP_ANALYSIS = YES;
				CLANG_WARN_STRICT_PROTOTYPES = YES;
				CLANG_WARN_SUSPICIOUS_MOVE = YES;
				CLANG_WARN_UNGUARDED_AVAILABILITY = YES_AGGRESSIVE;
				CLANG_WARN_UNREACHABLE_CODE = YES;
				CLANG_WARN__DUPLICATE_METHOD_MATCH = YES;
				CODE_SIGN_IDENTITY = "iPhone Developer";
				COPY_PHASE_STRIP = NO;
				DEBUG_INFORMATION_FORMAT = "dwarf-with-dsym";
				ENABLE_NS_ASSERTIONS = NO;
				ENABLE_STRICT_OBJC_MSGSEND = YES;
				GCC_C_LANGUAGE_STANDARD = gnu11;
				GCC_NO_COMMON_BLOCKS = YES;
				GCC_WARN_64_TO_32_BIT_CONVERSION = YES;
				GCC_WARN_ABOUT_RETURN_TYPE = YES_ERROR;
				GCC_WARN_UNDECLARED_SELECTOR = YES;
				GCC_WARN_UNINITIALIZED_AUTOS = YES_AGGRESSIVE;
				GCC_WARN_UNUSED_FUNCTION = YES;
				GCC_WARN_UNUSED_VARIABLE = YES;
				IPHONEOS_DEPLOYMENT_TARGET = 12.1;
				MTL_ENABLE_DEBUG_INFO = NO;
				MTL_FAST_MATH = YES;
				SDKROOT = iphoneos;
				SWIFT_COMPILATION_MODE = wholemodule;
				SWIFT_OPTIMIZATION_LEVEL = "-O";
				VALIDATE_PRODUCT = YES;
			};
			name = Release;
		};
		D1F07D0A21A838FB00FE83AF /* Debug */ = {
			isa = XCBuildConfiguration;
			baseConfigurationReference = 24CC8AD877EBF1CCAB333C98 /* Pods-QuickActionsPicker.debug.xcconfig */;
			buildSettings = {
				ASSETCATALOG_COMPILER_APPICON_NAME = AppIcon;
				CODE_SIGN_STYLE = Automatic;
				DEVELOPMENT_TEAM = "";
				INFOPLIST_FILE = QuickActionsPicker/Info.plist;
				IPHONEOS_DEPLOYMENT_TARGET = 10.2;
				LD_RUNPATH_SEARCH_PATHS = (
					"$(inherited)",
					"@executable_path/Frameworks",
				);
				PRODUCT_BUNDLE_IDENTIFIER = com.yurikarabatov.QuickActionsPicker;
				PRODUCT_NAME = "$(TARGET_NAME)";
				SWIFT_VERSION = 4.2;
				TARGETED_DEVICE_FAMILY = "1,2";
			};
			name = Debug;
		};
		D1F07D0B21A838FB00FE83AF /* Release */ = {
			isa = XCBuildConfiguration;
			baseConfigurationReference = 6F1CB91C1321668BA020D785 /* Pods-QuickActionsPicker.release.xcconfig */;
			buildSettings = {
				ASSETCATALOG_COMPILER_APPICON_NAME = AppIcon;
				CODE_SIGN_STYLE = Automatic;
				DEVELOPMENT_TEAM = "";
				INFOPLIST_FILE = QuickActionsPicker/Info.plist;
				IPHONEOS_DEPLOYMENT_TARGET = 10.2;
				LD_RUNPATH_SEARCH_PATHS = (
					"$(inherited)",
					"@executable_path/Frameworks",
				);
				PRODUCT_BUNDLE_IDENTIFIER = com.yurikarabatov.QuickActionsPicker;
				PRODUCT_NAME = "$(TARGET_NAME)";
				SWIFT_VERSION = 4.2;
				TARGETED_DEVICE_FAMILY = "1,2";
			};
			name = Release;
		};
/* End XCBuildConfiguration section */

/* Begin XCConfigurationList section */
		D1F07CF221A838F800FE83AF /* Build configuration list for PBXProject "QuickActionsPicker" */ = {
			isa = XCConfigurationList;
			buildConfigurations = (
				D1F07D0721A838FB00FE83AF /* Debug */,
				D1F07D0821A838FB00FE83AF /* Release */,
			);
			defaultConfigurationIsVisible = 0;
			defaultConfigurationName = Release;
		};
		D1F07D0921A838FB00FE83AF /* Build configuration list for PBXNativeTarget "QuickActionsPicker" */ = {
			isa = XCConfigurationList;
			buildConfigurations = (
				D1F07D0A21A838FB00FE83AF /* Debug */,
				D1F07D0B21A838FB00FE83AF /* Release */,
			);
			defaultConfigurationIsVisible = 0;
			defaultConfigurationName = Release;
		};
/* End XCConfigurationList section */
	};
	rootObject = D1F07CEF21A838F800FE83AF /* Project object */;
}
